// !$*UTF8*$!
{
	archiveVersion = 1;
	classes = {
	};
	objectVersion = 51;
	objects = {

/* Begin PBXBuildFile section */
		9455806CF3865BDBC7EF8113 /* Pods_Fin4teenApp3.framework in Frameworks */ = {isa = PBXBuildFile; fileRef = B75627409568C297739FA0D4 /* Pods_Fin4teenApp3.framework */; };
		C11DE4212672AB5200070484 /* VideoClassesViewController.swift in Sources */ = {isa = PBXBuildFile; fileRef = C11DE4202672AB5200070484 /* VideoClassesViewController.swift */; };
		C11DE4262672ABD500070484 /* VideoClasses.swift in Sources */ = {isa = PBXBuildFile; fileRef = C11DE4252672ABD500070484 /* VideoClasses.swift */; };
		C11DE4292672ABE400070484 /* RegisterClassesTopics.swift in Sources */ = {isa = PBXBuildFile; fileRef = C11DE4282672ABE400070484 /* RegisterClassesTopics.swift */; };
		C12D2299267BD82C002C0275 /* ContactUsViewController.swift in Sources */ = {isa = PBXBuildFile; fileRef = C12D2298267BD82C002C0275 /* ContactUsViewController.swift */; };
		C15A6E47267AB1F700B23B05 /* StringConstants.swift in Sources */ = {isa = PBXBuildFile; fileRef = C15A6E46267AB1F700B23B05 /* StringConstants.swift */; };
		C1AED029266D86C5001B402D /* AppDelegate.swift in Sources */ = {isa = PBXBuildFile; fileRef = C1AED028266D86C5001B402D /* AppDelegate.swift */; };
		C1AED02B266D86C5001B402D /* SceneDelegate.swift in Sources */ = {isa = PBXBuildFile; fileRef = C1AED02A266D86C5001B402D /* SceneDelegate.swift */; };
		C1AED02D266D86C5001B402D /* ViewController.swift in Sources */ = {isa = PBXBuildFile; fileRef = C1AED02C266D86C5001B402D /* ViewController.swift */; };
		C1AED030266D86C5001B402D /* Main.storyboard in Resources */ = {isa = PBXBuildFile; fileRef = C1AED02E266D86C5001B402D /* Main.storyboard */; };
		C1AED033266D86C5001B402D /* Fin4teenApp3.xcdatamodeld in Sources */ = {isa = PBXBuildFile; fileRef = C1AED031266D86C5001B402D /* Fin4teenApp3.xcdatamodeld */; };
		C1AED035266D86C8001B402D /* Assets.xcassets in Resources */ = {isa = PBXBuildFile; fileRef = C1AED034266D86C8001B402D /* Assets.xcassets */; };
		C1AED038266D86C8001B402D /* LaunchScreen.storyboard in Resources */ = {isa = PBXBuildFile; fileRef = C1AED036266D86C8001B402D /* LaunchScreen.storyboard */; };
		C1AED056266D880F001B402D /* GoogleService-Info.plist in Resources */ = {isa = PBXBuildFile; fileRef = C1AED055266D880F001B402D /* GoogleService-Info.plist */; };
		C1AED05A266D8825001B402D /* EntertainmentApp.swift in Sources */ = {isa = PBXBuildFile; fileRef = C1AED059266D8825001B402D /* EntertainmentApp.swift */; };
		C1AED074266D8C84001B402D /* MyTableViewCell.swift in Sources */ = {isa = PBXBuildFile; fileRef = C1AED073266D8C84001B402D /* MyTableViewCell.swift */; };
		C1AED07B266D90A4001B402D /* MyCollectionView.swift in Sources */ = {isa = PBXBuildFile; fileRef = C1AED07A266D90A4001B402D /* MyCollectionView.swift */; };
		C1AED094266DC2AE001B402D /* LoginViewController.swift in Sources */ = {isa = PBXBuildFile; fileRef = C1AED091266DC2AE001B402D /* LoginViewController.swift */; };
		C1AED095266DC2AE001B402D /* RecuperaViewController.swift in Sources */ = {isa = PBXBuildFile; fileRef = C1AED092266DC2AE001B402D /* RecuperaViewController.swift */; };
		C1AED096266DC2AE001B402D /* CadastroViewController.swift in Sources */ = {isa = PBXBuildFile; fileRef = C1AED093266DC2AE001B402D /* CadastroViewController.swift */; };
		C1AED09A266DCA5B001B402D /* HomeViewController.swift in Sources */ = {isa = PBXBuildFile; fileRef = C1AED099266DCA5B001B402D /* HomeViewController.swift */; };
		C1AED09D266E6A6E001B402D /* RegisterTopics.swift in Sources */ = {isa = PBXBuildFile; fileRef = C1AED09C266E6A6D001B402D /* RegisterTopics.swift */; };
		C1AED0A0266E6BB7001B402D /* DetailsViewController.swift in Sources */ = {isa = PBXBuildFile; fileRef = C1AED09F266E6BB7001B402D /* DetailsViewController.swift */; };
/* End PBXBuildFile section */

/* Begin PBXFileReference section */
		157A454F4E5077C5A0373E91 /* Pods-Fin4teenApp3.debug.xcconfig */ = {isa = PBXFileReference; includeInIndex = 1; lastKnownFileType = text.xcconfig; name = "Pods-Fin4teenApp3.debug.xcconfig"; path = "Target Support Files/Pods-Fin4teenApp3/Pods-Fin4teenApp3.debug.xcconfig"; sourceTree = "<group>"; };
		B75627409568C297739FA0D4 /* Pods_Fin4teenApp3.framework */ = {isa = PBXFileReference; explicitFileType = wrapper.framework; includeInIndex = 0; path = Pods_Fin4teenApp3.framework; sourceTree = BUILT_PRODUCTS_DIR; };
		C11DE4202672AB5200070484 /* VideoClassesViewController.swift */ = {isa = PBXFileReference; lastKnownFileType = sourcecode.swift; path = VideoClassesViewController.swift; sourceTree = "<group>"; };
		C11DE4252672ABD500070484 /* VideoClasses.swift */ = {isa = PBXFileReference; lastKnownFileType = sourcecode.swift; path = VideoClasses.swift; sourceTree = "<group>"; };
		C11DE4282672ABE400070484 /* RegisterClassesTopics.swift */ = {isa = PBXFileReference; lastKnownFileType = sourcecode.swift; path = RegisterClassesTopics.swift; sourceTree = "<group>"; };
		C12D2298267BD82C002C0275 /* ContactUsViewController.swift */ = {isa = PBXFileReference; lastKnownFileType = sourcecode.swift; path = ContactUsViewController.swift; sourceTree = "<group>"; };
		C15A6E46267AB1F700B23B05 /* StringConstants.swift */ = {isa = PBXFileReference; lastKnownFileType = sourcecode.swift; path = StringConstants.swift; sourceTree = "<group>"; };
		C1AED025266D86C5001B402D /* Fin4teenApp3.app */ = {isa = PBXFileReference; explicitFileType = wrapper.application; includeInIndex = 0; path = Fin4teenApp3.app; sourceTree = BUILT_PRODUCTS_DIR; };
		C1AED028266D86C5001B402D /* AppDelegate.swift */ = {isa = PBXFileReference; lastKnownFileType = sourcecode.swift; path = AppDelegate.swift; sourceTree = "<group>"; };
		C1AED02A266D86C5001B402D /* SceneDelegate.swift */ = {isa = PBXFileReference; lastKnownFileType = sourcecode.swift; path = SceneDelegate.swift; sourceTree = "<group>"; };
		C1AED02C266D86C5001B402D /* ViewController.swift */ = {isa = PBXFileReference; lastKnownFileType = sourcecode.swift; path = ViewController.swift; sourceTree = "<group>"; };
		C1AED02F266D86C5001B402D /* Base */ = {isa = PBXFileReference; lastKnownFileType = file.storyboard; name = Base; path = Base.lproj/Main.storyboard; sourceTree = "<group>"; };
		C1AED032266D86C5001B402D /* Fin4teenApp3.xcdatamodel */ = {isa = PBXFileReference; lastKnownFileType = wrapper.xcdatamodel; path = Fin4teenApp3.xcdatamodel; sourceTree = "<group>"; };
		C1AED034266D86C8001B402D /* Assets.xcassets */ = {isa = PBXFileReference; lastKnownFileType = folder.assetcatalog; path = Assets.xcassets; sourceTree = "<group>"; };
		C1AED037266D86C8001B402D /* Base */ = {isa = PBXFileReference; lastKnownFileType = file.storyboard; name = Base; path = Base.lproj/LaunchScreen.storyboard; sourceTree = "<group>"; };
		C1AED039266D86C8001B402D /* Info.plist */ = {isa = PBXFileReference; lastKnownFileType = text.plist.xml; path = Info.plist; sourceTree = "<group>"; };
		C1AED055266D880F001B402D /* GoogleService-Info.plist */ = {isa = PBXFileReference; fileEncoding = 4; lastKnownFileType = text.plist.xml; path = "GoogleService-Info.plist"; sourceTree = "<group>"; };
		C1AED059266D8825001B402D /* EntertainmentApp.swift */ = {isa = PBXFileReference; fileEncoding = 4; lastKnownFileType = sourcecode.swift; path = EntertainmentApp.swift; sourceTree = "<group>"; };
		C1AED073266D8C84001B402D /* MyTableViewCell.swift */ = {isa = PBXFileReference; lastKnownFileType = sourcecode.swift; path = MyTableViewCell.swift; sourceTree = "<group>"; };
		C1AED07A266D90A4001B402D /* MyCollectionView.swift */ = {isa = PBXFileReference; lastKnownFileType = sourcecode.swift; path = MyCollectionView.swift; sourceTree = "<group>"; };
		C1AED091266DC2AE001B402D /* LoginViewController.swift */ = {isa = PBXFileReference; fileEncoding = 4; lastKnownFileType = sourcecode.swift; path = LoginViewController.swift; sourceTree = "<group>"; };
		C1AED092266DC2AE001B402D /* RecuperaViewController.swift */ = {isa = PBXFileReference; fileEncoding = 4; lastKnownFileType = sourcecode.swift; path = RecuperaViewController.swift; sourceTree = "<group>"; };
		C1AED093266DC2AE001B402D /* CadastroViewController.swift */ = {isa = PBXFileReference; fileEncoding = 4; lastKnownFileType = sourcecode.swift; path = CadastroViewController.swift; sourceTree = "<group>"; };
		C1AED099266DCA5B001B402D /* HomeViewController.swift */ = {isa = PBXFileReference; lastKnownFileType = sourcecode.swift; path = HomeViewController.swift; sourceTree = "<group>"; };
		C1AED09C266E6A6D001B402D /* RegisterTopics.swift */ = {isa = PBXFileReference; lastKnownFileType = sourcecode.swift; path = RegisterTopics.swift; sourceTree = "<group>"; };
		C1AED09F266E6BB7001B402D /* DetailsViewController.swift */ = {isa = PBXFileReference; lastKnownFileType = sourcecode.swift; path = DetailsViewController.swift; sourceTree = "<group>"; };
		E842DE57E4F0840D8461BDDB /* Pods-Fin4teenApp3.release.xcconfig */ = {isa = PBXFileReference; includeInIndex = 1; lastKnownFileType = text.xcconfig; name = "Pods-Fin4teenApp3.release.xcconfig"; path = "Target Support Files/Pods-Fin4teenApp3/Pods-Fin4teenApp3.release.xcconfig"; sourceTree = "<group>"; };
/* End PBXFileReference section */

/* Begin PBXFrameworksBuildPhase section */
		C1AED022266D86C5001B402D /* Frameworks */ = {
			isa = PBXFrameworksBuildPhase;
			buildActionMask = 2147483647;
			files = (
				9455806CF3865BDBC7EF8113 /* Pods_Fin4teenApp3.framework in Frameworks */,
			);
			runOnlyForDeploymentPostprocessing = 0;
		};
/* End PBXFrameworksBuildPhase section */

/* Begin PBXGroup section */
		1152FF377C39B99DFF7DE6DA /* Frameworks */ = {
			isa = PBXGroup;
			children = (
				B75627409568C297739FA0D4 /* Pods_Fin4teenApp3.framework */,
			);
			name = Frameworks;
			sourceTree = "<group>";
		};
		B12C9EE71AEC0520BBF22FCF /* Pods */ = {
			isa = PBXGroup;
			children = (
				157A454F4E5077C5A0373E91 /* Pods-Fin4teenApp3.debug.xcconfig */,
				E842DE57E4F0840D8461BDDB /* Pods-Fin4teenApp3.release.xcconfig */,
			);
			path = Pods;
			sourceTree = "<group>";
		};
		C11DE4232672AB8C00070484 /* Recommendations */ = {
			isa = PBXGroup;
			children = (
				C1AED059266D8825001B402D /* EntertainmentApp.swift */,
				C1AED09C266E6A6D001B402D /* RegisterTopics.swift */,
				C15A6E46267AB1F700B23B05 /* StringConstants.swift */,
			);
			path = Recommendations;
			sourceTree = "<group>";
		};
		C11DE4242672ABAB00070484 /* VideoClasses */ = {
			isa = PBXGroup;
			children = (
				C11DE4252672ABD500070484 /* VideoClasses.swift */,
				C11DE4282672ABE400070484 /* RegisterClassesTopics.swift */,
			);
			path = VideoClasses;
			sourceTree = "<group>";
		};
		C12D229B267BDD4D002C0275 /* HomeScreen */ = {
			isa = PBXGroup;
			children = (
				C1AED099266DCA5B001B402D /* HomeViewController.swift */,
				C12D22A1267BDF7E002C0275 /* VideoClasses */,
				C12D22A0267BDF32002C0275 /* Recommendations */,
			);
			path = HomeScreen;
			sourceTree = "<group>";
		};
		C12D229E267BDE93002C0275 /* ContactUsScreen */ = {
			isa = PBXGroup;
			children = (
				C12D2298267BD82C002C0275 /* ContactUsViewController.swift */,
			);
			path = ContactUsScreen;
			sourceTree = "<group>";
		};
		C12D22A0267BDF32002C0275 /* Recommendations */ = {
			isa = PBXGroup;
			children = (
				C1AED02C266D86C5001B402D /* ViewController.swift */,
				C1AED073266D8C84001B402D /* MyTableViewCell.swift */,
				C1AED07A266D90A4001B402D /* MyCollectionView.swift */,
				C1AED09F266E6BB7001B402D /* DetailsViewController.swift */,
			);
			path = Recommendations;
			sourceTree = "<group>";
		};
		C12D22A1267BDF7E002C0275 /* VideoClasses */ = {
			isa = PBXGroup;
			children = (
				C11DE4202672AB5200070484 /* VideoClassesViewController.swift */,
			);
			path = VideoClasses;
			sourceTree = "<group>";
		};
		C1AED01C266D86C5001B402D = {
			isa = PBXGroup;
			children = (
				C1AED027266D86C5001B402D /* Fin4teenApp3 */,
				C1AED026266D86C5001B402D /* Products */,
				B12C9EE71AEC0520BBF22FCF /* Pods */,
				1152FF377C39B99DFF7DE6DA /* Frameworks */,
			);
			sourceTree = "<group>";
		};
		C1AED026266D86C5001B402D /* Products */ = {
			isa = PBXGroup;
			children = (
				C1AED025266D86C5001B402D /* Fin4teenApp3.app */,
			);
			name = Products;
			sourceTree = "<group>";
		};
		C1AED027266D86C5001B402D /* Fin4teenApp3 */ = {
			isa = PBXGroup;
			children = (
				C1AED039266D86C8001B402D /* Info.plist */,
				C1AED043266D86DC001B402D /* Model */,
				C1AED042266D86DA001B402D /* View */,
				C1AED041266D86D8001B402D /* ViewModel */,
				C1AED044266D8753001B402D /* Applications */,
			);
			path = Fin4teenApp3;
			sourceTree = "<group>";
		};
		C1AED041266D86D8001B402D /* ViewModel */ = {
			isa = PBXGroup;
			children = (
				C1AED090266DC26F001B402D /* Login */,
				C12D229B267BDD4D002C0275 /* HomeScreen */,
				C12D229E267BDE93002C0275 /* ContactUsScreen */,
			);
			path = ViewModel;
			sourceTree = "<group>";
		};
		C1AED042266D86DA001B402D /* View */ = {
			isa = PBXGroup;
			children = (
				C1AED02E266D86C5001B402D /* Main.storyboard */,
				C1AED034266D86C8001B402D /* Assets.xcassets */,
				C1AED036266D86C8001B402D /* LaunchScreen.storyboard */,
			);
			path = View;
			sourceTree = "<group>";
		};
		C1AED043266D86DC001B402D /* Model */ = {
			isa = PBXGroup;
			children = (
				C11DE4242672ABAB00070484 /* VideoClasses */,
				C11DE4232672AB8C00070484 /* Recommendations */,
			);
			path = Model;
			sourceTree = "<group>";
		};
		C1AED044266D8753001B402D /* Applications */ = {
			isa = PBXGroup;
			children = (
				C1AED028266D86C5001B402D /* AppDelegate.swift */,
				C1AED02A266D86C5001B402D /* SceneDelegate.swift */,
				C1AED031266D86C5001B402D /* Fin4teenApp3.xcdatamodeld */,
				C1AED055266D880F001B402D /* GoogleService-Info.plist */,
			);
			path = Applications;
			sourceTree = "<group>";
		};
		C1AED090266DC26F001B402D /* Login */ = {
			isa = PBXGroup;
			children = (
				C1AED093266DC2AE001B402D /* CadastroViewController.swift */,
				C1AED091266DC2AE001B402D /* LoginViewController.swift */,
				C1AED092266DC2AE001B402D /* RecuperaViewController.swift */,
			);
			path = Login;
			sourceTree = "<group>";
		};
/* End PBXGroup section */

/* Begin PBXNativeTarget section */
		C1AED024266D86C5001B402D /* Fin4teenApp3 */ = {
			isa = PBXNativeTarget;
			buildConfigurationList = C1AED03C266D86C8001B402D /* Build configuration list for PBXNativeTarget "Fin4teenApp3" */;
			buildPhases = (
				C3C562251A915DA56E6A7330 /* [CP] Check Pods Manifest.lock */,
				C1AED021266D86C5001B402D /* Sources */,
				C1AED022266D86C5001B402D /* Frameworks */,
				C1AED023266D86C5001B402D /* Resources */,
				96AA8064FDD16A4070A858EA /* [CP] Embed Pods Frameworks */,
			);
			buildRules = (
			);
			dependencies = (
			);
			name = Fin4teenApp3;
			productName = Fin4teenApp3;
			productReference = C1AED025266D86C5001B402D /* Fin4teenApp3.app */;
			productType = "com.apple.product-type.application";
		};
/* End PBXNativeTarget section */

/* Begin PBXProject section */
		C1AED01D266D86C5001B402D /* Project object */ = {
			isa = PBXProject;
			attributes = {
				LastSwiftUpdateCheck = 1240;
				LastUpgradeCheck = 1240;
				TargetAttributes = {
					C1AED024266D86C5001B402D = {
						CreatedOnToolsVersion = 12.4;
					};
				};
			};
			buildConfigurationList = C1AED020266D86C5001B402D /* Build configuration list for PBXProject "Fin4teenApp3" */;
			compatibilityVersion = "Xcode 9.3";
			developmentRegion = en;
			hasScannedForEncodings = 0;
			knownRegions = (
				en,
				Base,
			);
			mainGroup = C1AED01C266D86C5001B402D;
			productRefGroup = C1AED026266D86C5001B402D /* Products */;
			projectDirPath = "";
			projectRoot = "";
			targets = (
				C1AED024266D86C5001B402D /* Fin4teenApp3 */,
			);
		};
/* End PBXProject section */

/* Begin PBXResourcesBuildPhase section */
		C1AED023266D86C5001B402D /* Resources */ = {
			isa = PBXResourcesBuildPhase;
			buildActionMask = 2147483647;
			files = (
				C1AED038266D86C8001B402D /* LaunchScreen.storyboard in Resources */,
				C1AED056266D880F001B402D /* GoogleService-Info.plist in Resources */,
				C1AED035266D86C8001B402D /* Assets.xcassets in Resources */,
				C1AED030266D86C5001B402D /* Main.storyboard in Resources */,
			);
			runOnlyForDeploymentPostprocessing = 0;
		};
/* End PBXResourcesBuildPhase section */

/* Begin PBXShellScriptBuildPhase section */
		96AA8064FDD16A4070A858EA /* [CP] Embed Pods Frameworks */ = {
			isa = PBXShellScriptBuildPhase;
			buildActionMask = 2147483647;
			files = (
			);
			inputFileListPaths = (
				"${PODS_ROOT}/Target Support Files/Pods-Fin4teenApp3/Pods-Fin4teenApp3-frameworks-${CONFIGURATION}-input-files.xcfilelist",
			);
			name = "[CP] Embed Pods Frameworks";
			outputFileListPaths = (
				"${PODS_ROOT}/Target Support Files/Pods-Fin4teenApp3/Pods-Fin4teenApp3-frameworks-${CONFIGURATION}-output-files.xcfilelist",
			);
			runOnlyForDeploymentPostprocessing = 0;
			shellPath = /bin/sh;
			shellScript = "\"${PODS_ROOT}/Target Support Files/Pods-Fin4teenApp3/Pods-Fin4teenApp3-frameworks.sh\"\n";
			showEnvVarsInLog = 0;
		};
		C3C562251A915DA56E6A7330 /* [CP] Check Pods Manifest.lock */ = {
			isa = PBXShellScriptBuildPhase;
			buildActionMask = 2147483647;
			files = (
			);
			inputFileListPaths = (
			);
			inputPaths = (
				"${PODS_PODFILE_DIR_PATH}/Podfile.lock",
				"${PODS_ROOT}/Manifest.lock",
			);
			name = "[CP] Check Pods Manifest.lock";
			outputFileListPaths = (
			);
			outputPaths = (
				"$(DERIVED_FILE_DIR)/Pods-Fin4teenApp3-checkManifestLockResult.txt",
			);
			runOnlyForDeploymentPostprocessing = 0;
			shellPath = /bin/sh;
			shellScript = "diff \"${PODS_PODFILE_DIR_PATH}/Podfile.lock\" \"${PODS_ROOT}/Manifest.lock\" > /dev/null\nif [ $? != 0 ] ; then\n    # print error to STDERR\n    echo \"error: The sandbox is not in sync with the Podfile.lock. Run 'pod install' or update your CocoaPods installation.\" >&2\n    exit 1\nfi\n# This output is used by Xcode 'outputs' to avoid re-running this script phase.\necho \"SUCCESS\" > \"${SCRIPT_OUTPUT_FILE_0}\"\n";
			showEnvVarsInLog = 0;
		};
/* End PBXShellScriptBuildPhase section */

/* Begin PBXSourcesBuildPhase section */
		C1AED021266D86C5001B402D /* Sources */ = {
			isa = PBXSourcesBuildPhase;
			buildActionMask = 2147483647;
			files = (
				C15A6E47267AB1F700B23B05 /* StringConstants.swift in Sources */,
				C11DE4212672AB5200070484 /* VideoClassesViewController.swift in Sources */,
				C11DE4262672ABD500070484 /* VideoClasses.swift in Sources */,
				C1AED02D266D86C5001B402D /* ViewController.swift in Sources */,
				C11DE4292672ABE400070484 /* RegisterClassesTopics.swift in Sources */,
				C1AED029266D86C5001B402D /* AppDelegate.swift in Sources */,
				C1AED074266D8C84001B402D /* MyTableViewCell.swift in Sources */,
				C1AED096266DC2AE001B402D /* CadastroViewController.swift in Sources */,
				C1AED033266D86C5001B402D /* Fin4teenApp3.xcdatamodeld in Sources */,
				C1AED094266DC2AE001B402D /* LoginViewController.swift in Sources */,
				C1AED095266DC2AE001B402D /* RecuperaViewController.swift in Sources */,
				C1AED09A266DCA5B001B402D /* HomeViewController.swift in Sources */,
				C1AED02B266D86C5001B402D /* SceneDelegate.swift in Sources */,
				C1AED07B266D90A4001B402D /* MyCollectionView.swift in Sources */,
				C1AED09D266E6A6E001B402D /* RegisterTopics.swift in Sources */,
				C1AED0A0266E6BB7001B402D /* DetailsViewController.swift in Sources */,
				C12D2299267BD82C002C0275 /* ContactUsViewController.swift in Sources */,
				C1AED05A266D8825001B402D /* EntertainmentApp.swift in Sources */,
			);
			runOnlyForDeploymentPostprocessing = 0;
		};
/* End PBXSourcesBuildPhase section */

/* Begin PBXVariantGroup section */
		C1AED02E266D86C5001B402D /* Main.storyboard */ = {
			isa = PBXVariantGroup;
			children = (
				C1AED02F266D86C5001B402D /* Base */,
			);
			name = Main.storyboard;
			sourceTree = "<group>";
		};
		C1AED036266D86C8001B402D /* LaunchScreen.storyboard */ = {
			isa = PBXVariantGroup;
			children = (
				C1AED037266D86C8001B402D /* Base */,
			);
			name = LaunchScreen.storyboard;
			sourceTree = "<group>";
		};
/* End PBXVariantGroup section */

/* Begin XCBuildConfiguration section */
		C1AED03A266D86C8001B402D /* Debug */ = {
			isa = XCBuildConfiguration;
			buildSettings = {
				ALWAYS_SEARCH_USER_PATHS = NO;
				CLANG_ANALYZER_NONNULL = YES;
				CLANG_ANALYZER_NUMBER_OBJECT_CONVERSION = YES_AGGRESSIVE;
				CLANG_CXX_LANGUAGE_STANDARD = "gnu++14";
				CLANG_CXX_LIBRARY = "libc++";
				CLANG_ENABLE_MODULES = YES;
				CLANG_ENABLE_OBJC_ARC = YES;
				CLANG_ENABLE_OBJC_WEAK = YES;
				CLANG_WARN_BLOCK_CAPTURE_AUTORELEASING = YES;
				CLANG_WARN_BOOL_CONVERSION = YES;
				CLANG_WARN_COMMA = YES;
				CLANG_WARN_CONSTANT_CONVERSION = YES;
				CLANG_WARN_DEPRECATED_OBJC_IMPLEMENTATIONS = YES;
				CLANG_WARN_DIRECT_OBJC_ISA_USAGE = YES_ERROR;
				CLANG_WARN_DOCUMENTATION_COMMENTS = YES;
				CLANG_WARN_EMPTY_BODY = YES;
				CLANG_WARN_ENUM_CONVERSION = YES;
				CLANG_WARN_INFINITE_RECURSION = YES;
				CLANG_WARN_INT_CONVERSION = YES;
				CLANG_WARN_NON_LITERAL_NULL_CONVERSION = YES;
				CLANG_WARN_OBJC_IMPLICIT_RETAIN_SELF = YES;
				CLANG_WARN_OBJC_LITERAL_CONVERSION = YES;
				CLANG_WARN_OBJC_ROOT_CLASS = YES_ERROR;
				CLANG_WARN_QUOTED_INCLUDE_IN_FRAMEWORK_HEADER = YES;
				CLANG_WARN_RANGE_LOOP_ANALYSIS = YES;
				CLANG_WARN_STRICT_PROTOTYPES = YES;
				CLANG_WARN_SUSPICIOUS_MOVE = YES;
				CLANG_WARN_UNGUARDED_AVAILABILITY = YES_AGGRESSIVE;
				CLANG_WARN_UNREACHABLE_CODE = YES;
				CLANG_WARN__DUPLICATE_METHOD_MATCH = YES;
				COPY_PHASE_STRIP = NO;
				DEBUG_INFORMATION_FORMAT = dwarf;
				ENABLE_STRICT_OBJC_MSGSEND = YES;
				ENABLE_TESTABILITY = YES;
				GCC_C_LANGUAGE_STANDARD = gnu11;
				GCC_DYNAMIC_NO_PIC = NO;
				GCC_NO_COMMON_BLOCKS = YES;
				GCC_OPTIMIZATION_LEVEL = 0;
				GCC_PREPROCESSOR_DEFINITIONS = (
					"DEBUG=1",
					"$(inherited)",
				);
				GCC_WARN_64_TO_32_BIT_CONVERSION = YES;
				GCC_WARN_ABOUT_RETURN_TYPE = YES_ERROR;
				GCC_WARN_UNDECLARED_SELECTOR = YES;
				GCC_WARN_UNINITIALIZED_AUTOS = YES_AGGRESSIVE;
				GCC_WARN_UNUSED_FUNCTION = YES;
				GCC_WARN_UNUSED_VARIABLE = YES;
				IPHONEOS_DEPLOYMENT_TARGET = 14.4;
				MTL_ENABLE_DEBUG_INFO = INCLUDE_SOURCE;
				MTL_FAST_MATH = YES;
				ONLY_ACTIVE_ARCH = YES;
				SDKROOT = iphoneos;
				SWIFT_ACTIVE_COMPILATION_CONDITIONS = DEBUG;
				SWIFT_OPTIMIZATION_LEVEL = "-Onone";
			};
			name = Debug;
		};
		C1AED03B266D86C8001B402D /* Release */ = {
			isa = XCBuildConfiguration;
			buildSettings = {
				ALWAYS_SEARCH_USER_PATHS = NO;
				CLANG_ANALYZER_NONNULL = YES;
				CLANG_ANALYZER_NUMBER_OBJECT_CONVERSION = YES_AGGRESSIVE;
				CLANG_CXX_LANGUAGE_STANDARD = "gnu++14";
				CLANG_CXX_LIBRARY = "libc++";
				CLANG_ENABLE_MODULES = YES;
				CLANG_ENABLE_OBJC_ARC = YES;
				CLANG_ENABLE_OBJC_WEAK = YES;
				CLANG_WARN_BLOCK_CAPTURE_AUTORELEASING = YES;
				CLANG_WARN_BOOL_CONVERSION = YES;
				CLANG_WARN_COMMA = YES;
				CLANG_WARN_CONSTANT_CONVERSION = YES;
				CLANG_WARN_DEPRECATED_OBJC_IMPLEMENTATIONS = YES;
				CLANG_WARN_DIRECT_OBJC_ISA_USAGE = YES_ERROR;
				CLANG_WARN_DOCUMENTATION_COMMENTS = YES;
				CLANG_WARN_EMPTY_BODY = YES;
				CLANG_WARN_ENUM_CONVERSION = YES;
				CLANG_WARN_INFINITE_RECURSION = YES;
				CLANG_WARN_INT_CONVERSION = YES;
				CLANG_WARN_NON_LITERAL_NULL_CONVERSION = YES;
				CLANG_WARN_OBJC_IMPLICIT_RETAIN_SELF = YES;
				CLANG_WARN_OBJC_LITERAL_CONVERSION = YES;
				CLANG_WARN_OBJC_ROOT_CLASS = YES_ERROR;
				CLANG_WARN_QUOTED_INCLUDE_IN_FRAMEWORK_HEADER = YES;
				CLANG_WARN_RANGE_LOOP_ANALYSIS = YES;
				CLANG_WARN_STRICT_PROTOTYPES = YES;
				CLANG_WARN_SUSPICIOUS_MOVE = YES;
				CLANG_WARN_UNGUARDED_AVAILABILITY = YES_AGGRESSIVE;
				CLANG_WARN_UNREACHABLE_CODE = YES;
				CLANG_WARN__DUPLICATE_METHOD_MATCH = YES;
				COPY_PHASE_STRIP = NO;
				DEBUG_INFORMATION_FORMAT = "dwarf-with-dsym";
				ENABLE_NS_ASSERTIONS = NO;
				ENABLE_STRICT_OBJC_MSGSEND = YES;
				GCC_C_LANGUAGE_STANDARD = gnu11;
				GCC_NO_COMMON_BLOCKS = YES;
				GCC_WARN_64_TO_32_BIT_CONVERSION = YES;
				GCC_WARN_ABOUT_RETURN_TYPE = YES_ERROR;
				GCC_WARN_UNDECLARED_SELECTOR = YES;
				GCC_WARN_UNINITIALIZED_AUTOS = YES_AGGRESSIVE;
				GCC_WARN_UNUSED_FUNCTION = YES;
				GCC_WARN_UNUSED_VARIABLE = YES;
				IPHONEOS_DEPLOYMENT_TARGET = 14.4;
				MTL_ENABLE_DEBUG_INFO = NO;
				MTL_FAST_MATH = YES;
				SDKROOT = iphoneos;
				SWIFT_COMPILATION_MODE = wholemodule;
				SWIFT_OPTIMIZATION_LEVEL = "-O";
				VALIDATE_PRODUCT = YES;
			};
			name = Release;
		};
		C1AED03D266D86C8001B402D /* Debug */ = {
			isa = XCBuildConfiguration;
			baseConfigurationReference = 157A454F4E5077C5A0373E91 /* Pods-Fin4teenApp3.debug.xcconfig */;
			buildSettings = {
				ASSETCATALOG_COMPILER_APPICON_NAME = AppIcon;
				ASSETCATALOG_COMPILER_GLOBAL_ACCENT_COLOR_NAME = AccentColor;
				CODE_SIGN_STYLE = Automatic;
				INFOPLIST_FILE = Fin4teenApp3/Info.plist;
				LD_RUNPATH_SEARCH_PATHS = (
					"$(inherited)",
					"@executable_path/Frameworks",
				);
				PRODUCT_BUNDLE_IDENTIFIER = br.com.everis.Fin4teenApp3;
				PRODUCT_NAME = "$(TARGET_NAME)";
				SWIFT_VERSION = 5.0;
				TARGETED_DEVICE_FAMILY = "1,2";
			};
			name = Debug;
		};
		C1AED03E266D86C8001B402D /* Release */ = {
			isa = XCBuildConfiguration;
			baseConfigurationReference = E842DE57E4F0840D8461BDDB /* Pods-Fin4teenApp3.release.xcconfig */;
			buildSettings = {
				ASSETCATALOG_COMPILER_APPICON_NAME = AppIcon;
				ASSETCATALOG_COMPILER_GLOBAL_ACCENT_COLOR_NAME = AccentColor;
				CODE_SIGN_STYLE = Automatic;
				INFOPLIST_FILE = Fin4teenApp3/Info.plist;
				LD_RUNPATH_SEARCH_PATHS = (
					"$(inherited)",
					"@executable_path/Frameworks",
				);
				PRODUCT_BUNDLE_IDENTIFIER = br.com.everis.Fin4teenApp3;
				PRODUCT_NAME = "$(TARGET_NAME)";
				SWIFT_VERSION = 5.0;
				TARGETED_DEVICE_FAMILY = "1,2";
			};
			name = Release;
		};
/* End XCBuildConfiguration section */

/* Begin XCConfigurationList section */
		C1AED020266D86C5001B402D /* Build configuration list for PBXProject "Fin4teenApp3" */ = {
			isa = XCConfigurationList;
			buildConfigurations = (
				C1AED03A266D86C8001B402D /* Debug */,
				C1AED03B266D86C8001B402D /* Release */,
			);
			defaultConfigurationIsVisible = 0;
			defaultConfigurationName = Release;
		};
		C1AED03C266D86C8001B402D /* Build configuration list for PBXNativeTarget "Fin4teenApp3" */ = {
			isa = XCConfigurationList;
			buildConfigurations = (
				C1AED03D266D86C8001B402D /* Debug */,
				C1AED03E266D86C8001B402D /* Release */,
			);
			defaultConfigurationIsVisible = 0;
			defaultConfigurationName = Release;
		};
/* End XCConfigurationList section */

/* Begin XCVersionGroup section */
		C1AED031266D86C5001B402D /* Fin4teenApp3.xcdatamodeld */ = {
			isa = XCVersionGroup;
			children = (
				C1AED032266D86C5001B402D /* Fin4teenApp3.xcdatamodel */,
			);
			currentVersion = C1AED032266D86C5001B402D /* Fin4teenApp3.xcdatamodel */;
			path = Fin4teenApp3.xcdatamodeld;
			sourceTree = "<group>";
			versionGroupType = wrapper.xcdatamodel;
		};
/* End XCVersionGroup section */
	};
	rootObject = C1AED01D266D86C5001B402D /* Project object */;
}
